
Microsoft Visual Studio Solution File, Format Version 12.00
# Visual Studio Version 16
VisualStudioVersion = 16.0.31313.79
MinimumVisualStudioVersion = 10.0.40219.1
Project("{FAE04EC0-301F-11D3-BF4B-00C04F79EFBC}") = "SxWorkshopAPI2", "SxWorkshopAPI2\SxWorkshopAPI2.csproj", "{A3043B5E-8721-4BB5-A942-C7D727F07DF2}"
EndProject
Global
	GlobalSection(SolutionConfigurationPlatforms) = preSolution
		Debug|Any CPU = Debug|Any CPU
		Release|Any CPU = Release|Any CPU
	EndGlobalSection
	GlobalSection(ProjectConfigurationPlatforms) = postSolution
		{A3043B5E-8721-4BB5-A942-C7D727F07DF2}.Debug|Any CPU.ActiveCfg = Debug|Any CPU
		{A3043B5E-8721-4BB5-A942-C7D727F07DF2}.Debug|Any CPU.Build.0 = Debug|Any CPU
		{A3043B5E-8721-4BB5-A942-C7D727F07DF2}.Release|Any CPU.ActiveCfg = Release|Any CPU
		{A3043B5E-8721-4BB5-A942-C7D727F07DF2}.Release|Any CPU.Build.0 = Release|Any CPU
	EndGlobalSection
	GlobalSection(SolutionProperties) = preSolution
		HideSolutionNode = FALSE
	EndGlobalSection
	GlobalSection(ExtensibilityGlobals) = postSolution
		SolutionGuid = {E95EB127-0D3E-4480-97A8-F8317E24AEF4}
	EndGlobalSection
EndGlobal
